
Microsoft Visual Studio Solution File, Format Version 12.00
# Visual Studio Version 16
VisualStudioVersion = 16.0.33214.272
MinimumVisualStudioVersion = 10.0.40219.1
Project("{FAE04EC0-301F-11D3-BF4B-00C04F79EFBC}") = "DemoGITApp", "DemoGITApp\DemoGITApp.csproj", "{0A19A09B-6A6E-4DD7-B5D1-F529BB8574B3}"
EndProject
Global
	GlobalSection(SolutionConfigurationPlatforms) = preSolution
		Debug|Any CPU = Debug|Any CPU
		Release|Any CPU = Release|Any CPU
	EndGlobalSection
	GlobalSection(ProjectConfigurationPlatforms) = postSolution
		{0A19A09B-6A6E-4DD7-B5D1-F529BB8574B3}.Debug|Any CPU.ActiveCfg = Debug|Any CPU
		{0A19A09B-6A6E-4DD7-B5D1-F529BB8574B3}.Debug|Any CPU.Build.0 = Debug|Any CPU
		{0A19A09B-6A6E-4DD7-B5D1-F529BB8574B3}.Release|Any CPU.ActiveCfg = Release|Any CPU
		{0A19A09B-6A6E-4DD7-B5D1-F529BB8574B3}.Release|Any CPU.Build.0 = Release|Any CPU
	EndGlobalSection
	GlobalSection(SolutionProperties) = preSolution
		HideSolutionNode = FALSE
	EndGlobalSection
	GlobalSection(ExtensibilityGlobals) = postSolution
		SolutionGuid = {2BAF6562-CC2A-4960-9527-321B13D376D3}
	EndGlobalSection
EndGlobal
